
Microsoft Visual Studio Solution File, Format Version 12.00
# Visual Studio Version 17
VisualStudioVersion = 17.7.34024.191
MinimumVisualStudioVersion = 10.0.40219.1
Project("{FAE04EC0-301F-11D3-BF4B-00C04F79EFBC}") = "GUI_Class_2026", "GUI_Class_2026\GUI_Class_2026.csproj", "{8374246B-388D-4A88-BF04-BF017D5ABA4B}"
EndProject
Global
	GlobalSection(SolutionConfigurationPlatforms) = preSolution
		Debug|Any CPU = Debug|Any CPU
		Release|Any CPU = Release|Any CPU
	EndGlobalSection
	GlobalSection(ProjectConfigurationPlatforms) = postSolution
		{8374246B-388D-4A88-BF04-BF017D5ABA4B}.Debug|Any CPU.ActiveCfg = Debug|Any CPU
		{8374246B-388D-4A88-BF04-BF017D5ABA4B}.Debug|Any CPU.Build.0 = Debug|Any CPU
		{8374246B-388D-4A88-BF04-BF017D5ABA4B}.Release|Any CPU.ActiveCfg = Release|Any CPU
		{8374246B-388D-4A88-BF04-BF017D5ABA4B}.Release|Any CPU.Build.0 = Release|Any CPU
	EndGlobalSection
	GlobalSection(SolutionProperties) = preSolution
		HideSolutionNode = FALSE
	EndGlobalSection
	GlobalSection(ExtensibilityGlobals) = postSolution
		SolutionGuid = {BBABF322-2DA5-41FE-A928-8C76EA1A4443}
	EndGlobalSection
EndGlobal
